// !$*UTF8*$!
{
	archiveVersion = 1;
	classes = {
	};
	objectVersion = 56;
	objects = {

/* Begin PBXBuildFile section */
		FBA8A75A2AB8A2FA00AD181B /* AppProyectApp.swift in Sources */ = {isa = PBXBuildFile; fileRef = FBA8A7592AB8A2FA00AD181B /* AppProyectApp.swift */; };
		FBA8A75C2AB8A2FA00AD181B /* MainView.swift in Sources */ = {isa = PBXBuildFile; fileRef = FBA8A75B2AB8A2FA00AD181B /* MainView.swift */; };
		FBA8A75E2AB8A2FB00AD181B /* Assets.xcassets in Resources */ = {isa = PBXBuildFile; fileRef = FBA8A75D2AB8A2FB00AD181B /* Assets.xcassets */; };
		FBA8A7612AB8A2FB00AD181B /* Preview Assets.xcassets in Resources */ = {isa = PBXBuildFile; fileRef = FBA8A7602AB8A2FB00AD181B /* Preview Assets.xcassets */; };
		FBA8A76A2AB8A6CA00AD181B /* JoinSessionView.swift in Sources */ = {isa = PBXBuildFile; fileRef = FBA8A7692AB8A6CA00AD181B /* JoinSessionView.swift */; };
		FBA8A76C2AB8A9CD00AD181B /* CreateSessionView.swift in Sources */ = {isa = PBXBuildFile; fileRef = FBA8A76B2AB8A9CD00AD181B /* CreateSessionView.swift */; };
		FBA8A76E2AB8C51100AD181B /* LobbySessionView.swift in Sources */ = {isa = PBXBuildFile; fileRef = FBA8A76D2AB8C51100AD181B /* LobbySessionView.swift */; };
		FBA8A7702AB8C9E200AD181B /* LiveSessionView.swift in Sources */ = {isa = PBXBuildFile; fileRef = FBA8A76F2AB8C9E200AD181B /* LiveSessionView.swift */; };
		FBA8A7722AB8CA1800AD181B /* CreateGameView.swift in Sources */ = {isa = PBXBuildFile; fileRef = FBA8A7712AB8CA1800AD181B /* CreateGameView.swift */; };
		FBA8A7742AB8CAE800AD181B /* CreateGameModel.swift in Sources */ = {isa = PBXBuildFile; fileRef = FBA8A7732AB8CAE800AD181B /* CreateGameModel.swift */; };
		FBBADE6B2ABCB72B00080F2B /* Classifier.swift in Sources */ = {isa = PBXBuildFile; fileRef = FBBADE6A2ABCB72B00080F2B /* Classifier.swift */; };
		FBBADE6D2ABCB76500080F2B /* ImageClassifier.swift in Sources */ = {isa = PBXBuildFile; fileRef = FBBADE6C2ABCB76500080F2B /* ImageClassifier.swift */; };
		FBBADE6F2ABCB79200080F2B /* ImagePicker.swift in Sources */ = {isa = PBXBuildFile; fileRef = FBBADE6E2ABCB79200080F2B /* ImagePicker.swift */; };
		FBBADE712ABCB9D000080F2B /* PerrosyGatos1.mlmodel in Sources */ = {isa = PBXBuildFile; fileRef = FBBADE702ABCB9D000080F2B /* PerrosyGatos1.mlmodel */; };
		FBBADE732ABCBD3D00080F2B /* ClasificadorDeMonedas.mlmodel in Sources */ = {isa = PBXBuildFile; fileRef = FBBADE722ABCBD3D00080F2B /* ClasificadorDeMonedas.mlmodel */; };
/* End PBXBuildFile section */

/* Begin PBXFileReference section */
		FBA8A7562AB8A2FA00AD181B /* Proyect.app */ = {isa = PBXFileReference; explicitFileType = wrapper.application; includeInIndex = 0; path = Proyect.app; sourceTree = BUILT_PRODUCTS_DIR; };
		FBA8A7592AB8A2FA00AD181B /* AppProyectApp.swift */ = {isa = PBXFileReference; lastKnownFileType = sourcecode.swift; path = AppProyectApp.swift; sourceTree = "<group>"; };
		FBA8A75B2AB8A2FA00AD181B /* MainView.swift */ = {isa = PBXFileReference; lastKnownFileType = sourcecode.swift; path = MainView.swift; sourceTree = "<group>"; };
		FBA8A75D2AB8A2FB00AD181B /* Assets.xcassets */ = {isa = PBXFileReference; lastKnownFileType = folder.assetcatalog; path = Assets.xcassets; sourceTree = "<group>"; };
		FBA8A7602AB8A2FB00AD181B /* Preview Assets.xcassets */ = {isa = PBXFileReference; lastKnownFileType = folder.assetcatalog; path = "Preview Assets.xcassets"; sourceTree = "<group>"; };
		FBA8A7692AB8A6CA00AD181B /* JoinSessionView.swift */ = {isa = PBXFileReference; lastKnownFileType = sourcecode.swift; path = JoinSessionView.swift; sourceTree = "<group>"; };
		FBA8A76B2AB8A9CD00AD181B /* CreateSessionView.swift */ = {isa = PBXFileReference; lastKnownFileType = sourcecode.swift; path = CreateSessionView.swift; sourceTree = "<group>"; };
		FBA8A76D2AB8C51100AD181B /* LobbySessionView.swift */ = {isa = PBXFileReference; lastKnownFileType = sourcecode.swift; path = LobbySessionView.swift; sourceTree = "<group>"; };
		FBA8A76F2AB8C9E200AD181B /* LiveSessionView.swift */ = {isa = PBXFileReference; lastKnownFileType = sourcecode.swift; path = LiveSessionView.swift; sourceTree = "<group>"; };
		FBA8A7712AB8CA1800AD181B /* CreateGameView.swift */ = {isa = PBXFileReference; lastKnownFileType = sourcecode.swift; path = CreateGameView.swift; sourceTree = "<group>"; };
		FBA8A7732AB8CAE800AD181B /* CreateGameModel.swift */ = {isa = PBXFileReference; lastKnownFileType = sourcecode.swift; path = CreateGameModel.swift; sourceTree = "<group>"; };
		FBBADE6A2ABCB72B00080F2B /* Classifier.swift */ = {isa = PBXFileReference; lastKnownFileType = sourcecode.swift; path = Classifier.swift; sourceTree = "<group>"; };
		FBBADE6C2ABCB76500080F2B /* ImageClassifier.swift */ = {isa = PBXFileReference; lastKnownFileType = sourcecode.swift; path = ImageClassifier.swift; sourceTree = "<group>"; };
		FBBADE6E2ABCB79200080F2B /* ImagePicker.swift */ = {isa = PBXFileReference; lastKnownFileType = sourcecode.swift; path = ImagePicker.swift; sourceTree = "<group>"; };
		FBBADE702ABCB9D000080F2B /* PerrosyGatos1.mlmodel */ = {isa = PBXFileReference; lastKnownFileType = file.mlmodel; name = PerrosyGatos1.mlmodel; path = ../../../../../PerrosyGatos1.mlmodel; sourceTree = "<group>"; };
		FBBADE722ABCBD3D00080F2B /* ClasificadorDeMonedas.mlmodel */ = {isa = PBXFileReference; lastKnownFileType = file.mlmodel; name = ClasificadorDeMonedas.mlmodel; path = ../../../../../../Downloads/ClasificadorDeMonedas.mlmodel; sourceTree = "<group>"; };
/* End PBXFileReference section */

/* Begin PBXFrameworksBuildPhase section */
		FBA8A7532AB8A2FA00AD181B /* Frameworks */ = {
			isa = PBXFrameworksBuildPhase;
			buildActionMask = 2147483647;
			files = (
			);
			runOnlyForDeploymentPostprocessing = 0;
		};
/* End PBXFrameworksBuildPhase section */

/* Begin PBXGroup section */
		FBA8A74D2AB8A2FA00AD181B = {
			isa = PBXGroup;
			children = (
				FBA8A7582AB8A2FA00AD181B /* Proyect */,
				FBA8A7572AB8A2FA00AD181B /* Products */,
			);
			sourceTree = "<group>";
		};
		FBA8A7572AB8A2FA00AD181B /* Products */ = {
			isa = PBXGroup;
			children = (
				FBA8A7562AB8A2FA00AD181B /* Proyect.app */,
			);
			name = Products;
			sourceTree = "<group>";
		};
		FBA8A7582AB8A2FA00AD181B /* Proyect */ = {
			isa = PBXGroup;
			children = (
				FBA8A75B2AB8A2FA00AD181B /* MainView.swift */,
				FBA8A7592AB8A2FA00AD181B /* AppProyectApp.swift */,
				FBA8A7692AB8A6CA00AD181B /* JoinSessionView.swift */,
				FBA8A76B2AB8A9CD00AD181B /* CreateSessionView.swift */,
				FBA8A76D2AB8C51100AD181B /* LobbySessionView.swift */,
				FBA8A76F2AB8C9E200AD181B /* LiveSessionView.swift */,
				FBBADE6A2ABCB72B00080F2B /* Classifier.swift */,
				FBBADE6C2ABCB76500080F2B /* ImageClassifier.swift */,
				FBBADE702ABCB9D000080F2B /* PerrosyGatos1.mlmodel */,
				FBBADE6E2ABCB79200080F2B /* ImagePicker.swift */,
				FBBADE722ABCBD3D00080F2B /* ClasificadorDeMonedas.mlmodel */,
				FBA8A7732AB8CAE800AD181B /* CreateGameModel.swift */,
				FBA8A7712AB8CA1800AD181B /* CreateGameView.swift */,
				FBA8A75D2AB8A2FB00AD181B /* Assets.xcassets */,
				FBA8A75F2AB8A2FB00AD181B /* Preview Content */,
			);
			path = Proyect;
			sourceTree = "<group>";
		};
		FBA8A75F2AB8A2FB00AD181B /* Preview Content */ = {
			isa = PBXGroup;
			children = (
				FBA8A7602AB8A2FB00AD181B /* Preview Assets.xcassets */,
			);
			path = "Preview Content";
			sourceTree = "<group>";
		};
/* End PBXGroup section */

/* Begin PBXNativeTarget section */
		FBA8A7552AB8A2FA00AD181B /* Proyect */ = {
			isa = PBXNativeTarget;
			buildConfigurationList = FBA8A7642AB8A2FB00AD181B /* Build configuration list for PBXNativeTarget "Proyect" */;
			buildPhases = (
				FBA8A7522AB8A2FA00AD181B /* Sources */,
				FBA8A7532AB8A2FA00AD181B /* Frameworks */,
				FBA8A7542AB8A2FA00AD181B /* Resources */,
			);
			buildRules = (
			);
			dependencies = (
			);
			name = Proyect;
			productName = Proyect;
			productReference = FBA8A7562AB8A2FA00AD181B /* Proyect.app */;
			productType = "com.apple.product-type.application";
		};
/* End PBXNativeTarget section */

/* Begin PBXProject section */
		FBA8A74E2AB8A2FA00AD181B /* Project object */ = {
			isa = PBXProject;
			attributes = {
				BuildIndependentTargetsInParallel = 1;
				LastSwiftUpdateCheck = 1430;
				LastUpgradeCheck = 1430;
				TargetAttributes = {
					FBA8A7552AB8A2FA00AD181B = {
						CreatedOnToolsVersion = 14.3.1;
					};
				};
			};
			buildConfigurationList = FBA8A7512AB8A2FA00AD181B /* Build configuration list for PBXProject "Proyect" */;
			compatibilityVersion = "Xcode 14.0";
			developmentRegion = en;
			hasScannedForEncodings = 0;
			knownRegions = (
				en,
				Base,
			);
			mainGroup = FBA8A74D2AB8A2FA00AD181B;
			productRefGroup = FBA8A7572AB8A2FA00AD181B /* Products */;
			projectDirPath = "";
			projectRoot = "";
			targets = (
				FBA8A7552AB8A2FA00AD181B /* Proyect */,
			);
		};
/* End PBXProject section */

/* Begin PBXResourcesBuildPhase section */
		FBA8A7542AB8A2FA00AD181B /* Resources */ = {
			isa = PBXResourcesBuildPhase;
			buildActionMask = 2147483647;
			files = (
				FBA8A7612AB8A2FB00AD181B /* Preview Assets.xcassets in Resources */,
				FBA8A75E2AB8A2FB00AD181B /* Assets.xcassets in Resources */,
			);
			runOnlyForDeploymentPostprocessing = 0;
		};
/* End PBXResourcesBuildPhase section */

/* Begin PBXSourcesBuildPhase section */
		FBA8A7522AB8A2FA00AD181B /* Sources */ = {
			isa = PBXSourcesBuildPhase;
			buildActionMask = 2147483647;
			files = (
				FBA8A7702AB8C9E200AD181B /* LiveSessionView.swift in Sources */,
				FBBADE6B2ABCB72B00080F2B /* Classifier.swift in Sources */,
				FBBADE6D2ABCB76500080F2B /* ImageClassifier.swift in Sources */,
				FBA8A75C2AB8A2FA00AD181B /* MainView.swift in Sources */,
				FBBADE712ABCB9D000080F2B /* PerrosyGatos1.mlmodel in Sources */,
				FBA8A76C2AB8A9CD00AD181B /* CreateSessionView.swift in Sources */,
				FBA8A7722AB8CA1800AD181B /* CreateGameView.swift in Sources */,
				FBA8A75A2AB8A2FA00AD181B /* AppProyectApp.swift in Sources */,
				FBBADE6F2ABCB79200080F2B /* ImagePicker.swift in Sources */,
				FBA8A76A2AB8A6CA00AD181B /* JoinSessionView.swift in Sources */,
				FBBADE732ABCBD3D00080F2B /* ClasificadorDeMonedas.mlmodel in Sources */,
				FBA8A76E2AB8C51100AD181B /* LobbySessionView.swift in Sources */,
				FBA8A7742AB8CAE800AD181B /* CreateGameModel.swift in Sources */,
			);
			runOnlyForDeploymentPostprocessing = 0;
		};
/* End PBXSourcesBuildPhase section */

/* Begin XCBuildConfiguration section */
		FBA8A7622AB8A2FB00AD181B /* Debug */ = {
			isa = XCBuildConfiguration;
			buildSettings = {
				ALWAYS_SEARCH_USER_PATHS = NO;
				CLANG_ANALYZER_NONNULL = YES;
				CLANG_ANALYZER_NUMBER_OBJECT_CONVERSION = YES_AGGRESSIVE;
				CLANG_CXX_LANGUAGE_STANDARD = "gnu++20";
				CLANG_ENABLE_MODULES = YES;
				CLANG_ENABLE_OBJC_ARC = YES;
				CLANG_ENABLE_OBJC_WEAK = YES;
				CLANG_WARN_BLOCK_CAPTURE_AUTORELEASING = YES;
				CLANG_WARN_BOOL_CONVERSION = YES;
				CLANG_WARN_COMMA = YES;
				CLANG_WARN_CONSTANT_CONVERSION = YES;
				CLANG_WARN_DEPRECATED_OBJC_IMPLEMENTATIONS = YES;
				CLANG_WARN_DIRECT_OBJC_ISA_USAGE = YES_ERROR;
				CLANG_WARN_DOCUMENTATION_COMMENTS = YES;
				CLANG_WARN_EMPTY_BODY = YES;
				CLANG_WARN_ENUM_CONVERSION = YES;
				CLANG_WARN_INFINITE_RECURSION = YES;
				CLANG_WARN_INT_CONVERSION = YES;
				CLANG_WARN_NON_LITERAL_NULL_CONVERSION = YES;
				CLANG_WARN_OBJC_IMPLICIT_RETAIN_SELF = YES;
				CLANG_WARN_OBJC_LITERAL_CONVERSION = YES;
				CLANG_WARN_OBJC_ROOT_CLASS = YES_ERROR;
				CLANG_WARN_QUOTED_INCLUDE_IN_FRAMEWORK_HEADER = YES;
				CLANG_WARN_RANGE_LOOP_ANALYSIS = YES;
				CLANG_WARN_STRICT_PROTOTYPES = YES;
				CLANG_WARN_SUSPICIOUS_MOVE = YES;
				CLANG_WARN_UNGUARDED_AVAILABILITY = YES_AGGRESSIVE;
				CLANG_WARN_UNREACHABLE_CODE = YES;
				CLANG_WARN__DUPLICATE_METHOD_MATCH = YES;
				COPY_PHASE_STRIP = NO;
				DEBUG_INFORMATION_FORMAT = dwarf;
				ENABLE_STRICT_OBJC_MSGSEND = YES;
				ENABLE_TESTABILITY = YES;
				GCC_C_LANGUAGE_STANDARD = gnu11;
				GCC_DYNAMIC_NO_PIC = NO;
				GCC_NO_COMMON_BLOCKS = YES;
				GCC_OPTIMIZATION_LEVEL = 0;
				GCC_PREPROCESSOR_DEFINITIONS = (
					"DEBUG=1",
					"$(inherited)",
				);
				GCC_WARN_64_TO_32_BIT_CONVERSION = YES;
				GCC_WARN_ABOUT_RETURN_TYPE = YES_ERROR;
				GCC_WARN_UNDECLARED_SELECTOR = YES;
				GCC_WARN_UNINITIALIZED_AUTOS = YES_AGGRESSIVE;
				GCC_WARN_UNUSED_FUNCTION = YES;
				GCC_WARN_UNUSED_VARIABLE = YES;
				IPHONEOS_DEPLOYMENT_TARGET = 16.4;
				MTL_ENABLE_DEBUG_INFO = INCLUDE_SOURCE;
				MTL_FAST_MATH = YES;
				ONLY_ACTIVE_ARCH = YES;
				SDKROOT = iphoneos;
				SWIFT_ACTIVE_COMPILATION_CONDITIONS = DEBUG;
				SWIFT_OPTIMIZATION_LEVEL = "-Onone";
			};
			name = Debug;
		};
		FBA8A7632AB8A2FB00AD181B /* Release */ = {
			isa = XCBuildConfiguration;
			buildSettings = {
				ALWAYS_SEARCH_USER_PATHS = NO;
				CLANG_ANALYZER_NONNULL = YES;
				CLANG_ANALYZER_NUMBER_OBJECT_CONVERSION = YES_AGGRESSIVE;
				CLANG_CXX_LANGUAGE_STANDARD = "gnu++20";
				CLANG_ENABLE_MODULES = YES;
				CLANG_ENABLE_OBJC_ARC = YES;
				CLANG_ENABLE_OBJC_WEAK = YES;
				CLANG_WARN_BLOCK_CAPTURE_AUTORELEASING = YES;
				CLANG_WARN_BOOL_CONVERSION = YES;
				CLANG_WARN_COMMA = YES;
				CLANG_WARN_CONSTANT_CONVERSION = YES;
				CLANG_WARN_DEPRECATED_OBJC_IMPLEMENTATIONS = YES;
				CLANG_WARN_DIRECT_OBJC_ISA_USAGE = YES_ERROR;
				CLANG_WARN_DOCUMENTATION_COMMENTS = YES;
				CLANG_WARN_EMPTY_BODY = YES;
				CLANG_WARN_ENUM_CONVERSION = YES;
				CLANG_WARN_INFINITE_RECURSION = YES;
				CLANG_WARN_INT_CONVERSION = YES;
				CLANG_WARN_NON_LITERAL_NULL_CONVERSION = YES;
				CLANG_WARN_OBJC_IMPLICIT_RETAIN_SELF = YES;
				CLANG_WARN_OBJC_LITERAL_CONVERSION = YES;
				CLANG_WARN_OBJC_ROOT_CLASS = YES_ERROR;
				CLANG_WARN_QUOTED_INCLUDE_IN_FRAMEWORK_HEADER = YES;
				CLANG_WARN_RANGE_LOOP_ANALYSIS = YES;
				CLANG_WARN_STRICT_PROTOTYPES = YES;
				CLANG_WARN_SUSPICIOUS_MOVE = YES;
				CLANG_WARN_UNGUARDED_AVAILABILITY = YES_AGGRESSIVE;
				CLANG_WARN_UNREACHABLE_CODE = YES;
				CLANG_WARN__DUPLICATE_METHOD_MATCH = YES;
				COPY_PHASE_STRIP = NO;
				DEBUG_INFORMATION_FORMAT = "dwarf-with-dsym";
				ENABLE_NS_ASSERTIONS = NO;
				ENABLE_STRICT_OBJC_MSGSEND = YES;
				GCC_C_LANGUAGE_STANDARD = gnu11;
				GCC_NO_COMMON_BLOCKS = YES;
				GCC_WARN_64_TO_32_BIT_CONVERSION = YES;
				GCC_WARN_ABOUT_RETURN_TYPE = YES_ERROR;
				GCC_WARN_UNDECLARED_SELECTOR = YES;
				GCC_WARN_UNINITIALIZED_AUTOS = YES_AGGRESSIVE;
				GCC_WARN_UNUSED_FUNCTION = YES;
				GCC_WARN_UNUSED_VARIABLE = YES;
				IPHONEOS_DEPLOYMENT_TARGET = 16.4;
				MTL_ENABLE_DEBUG_INFO = NO;
				MTL_FAST_MATH = YES;
				SDKROOT = iphoneos;
				SWIFT_COMPILATION_MODE = wholemodule;
				SWIFT_OPTIMIZATION_LEVEL = "-O";
				VALIDATE_PRODUCT = YES;
			};
			name = Release;
		};
		FBA8A7652AB8A2FB00AD181B /* Debug */ = {
			isa = XCBuildConfiguration;
			buildSettings = {
				ASSETCATALOG_COMPILER_APPICON_NAME = AppIcon;
				ASSETCATALOG_COMPILER_GLOBAL_ACCENT_COLOR_NAME = AccentColor;
				CODE_SIGN_STYLE = Automatic;
				CURRENT_PROJECT_VERSION = 1;
				DEVELOPMENT_ASSET_PATHS = "\"Proyect/Preview Content\"";
				DEVELOPMENT_TEAM = Q4L5GLAD5L;
				ENABLE_PREVIEWS = YES;
				GENERATE_INFOPLIST_FILE = YES;
				INFOPLIST_KEY_UIApplicationSceneManifest_Generation = YES;
				INFOPLIST_KEY_UIApplicationSupportsIndirectInputEvents = YES;
				INFOPLIST_KEY_UILaunchScreen_Generation = YES;
				INFOPLIST_KEY_UISupportedInterfaceOrientations_iPad = "UIInterfaceOrientationPortrait UIInterfaceOrientationPortraitUpsideDown UIInterfaceOrientationLandscapeLeft UIInterfaceOrientationLandscapeRight";
				INFOPLIST_KEY_UISupportedInterfaceOrientations_iPhone = "UIInterfaceOrientationPortrait UIInterfaceOrientationLandscapeLeft UIInterfaceOrientationLandscapeRight";
				LD_RUNPATH_SEARCH_PATHS = (
					"$(inherited)",
					"@executable_path/Frameworks",
				);
				MARKETING_VERSION = 1.0;
				PRODUCT_BUNDLE_IDENTIFIER = com.itesm.DS;
				PRODUCT_NAME = "$(TARGET_NAME)";
				SWIFT_EMIT_LOC_STRINGS = YES;
				SWIFT_VERSION = 5.0;
				TARGETED_DEVICE_FAMILY = "1,2";
			};
			name = Debug;
		};
		FBA8A7662AB8A2FB00AD181B /* Release */ = {
			isa = XCBuildConfiguration;
			buildSettings = {
				ASSETCATALOG_COMPILER_APPICON_NAME = AppIcon;
				ASSETCATALOG_COMPILER_GLOBAL_ACCENT_COLOR_NAME = AccentColor;
				CODE_SIGN_STYLE = Automatic;
				CURRENT_PROJECT_VERSION = 1;
				DEVELOPMENT_ASSET_PATHS = "\"Proyect/Preview Content\"";
				DEVELOPMENT_TEAM = Q4L5GLAD5L;
				ENABLE_PREVIEWS = YES;
				GENERATE_INFOPLIST_FILE = YES;
				INFOPLIST_KEY_UIApplicationSceneManifest_Generation = YES;
				INFOPLIST_KEY_UIApplicationSupportsIndirectInputEvents = YES;
				INFOPLIST_KEY_UILaunchScreen_Generation = YES;
				INFOPLIST_KEY_UISupportedInterfaceOrientations_iPad = "UIInterfaceOrientationPortrait UIInterfaceOrientationPortraitUpsideDown UIInterfaceOrientationLandscapeLeft UIInterfaceOrientationLandscapeRight";
				INFOPLIST_KEY_UISupportedInterfaceOrientations_iPhone = "UIInterfaceOrientationPortrait UIInterfaceOrientationLandscapeLeft UIInterfaceOrientationLandscapeRight";
				LD_RUNPATH_SEARCH_PATHS = (
					"$(inherited)",
					"@executable_path/Frameworks",
				);
				MARKETING_VERSION = 1.0;
				PRODUCT_BUNDLE_IDENTIFIER = com.itesm.DS;
				PRODUCT_NAME = "$(TARGET_NAME)";
				SWIFT_EMIT_LOC_STRINGS = YES;
				SWIFT_VERSION = 5.0;
				TARGETED_DEVICE_FAMILY = "1,2";
			};
			name = Release;
		};
/* End XCBuildConfiguration section */

/* Begin XCConfigurationList section */
		FBA8A7512AB8A2FA00AD181B /* Build configuration list for PBXProject "Proyect" */ = {
			isa = XCConfigurationList;
			buildConfigurations = (
				FBA8A7622AB8A2FB00AD181B /* Debug */,
				FBA8A7632AB8A2FB00AD181B /* Release */,
			);
			defaultConfigurationIsVisible = 0;
			defaultConfigurationName = Release;
		};
		FBA8A7642AB8A2FB00AD181B /* Build configuration list for PBXNativeTarget "Proyect" */ = {
			isa = XCConfigurationList;
			buildConfigurations = (
				FBA8A7652AB8A2FB00AD181B /* Debug */,
				FBA8A7662AB8A2FB00AD181B /* Release */,
			);
			defaultConfigurationIsVisible = 0;
			defaultConfigurationName = Release;
		};
/* End XCConfigurationList section */
	};
	rootObject = FBA8A74E2AB8A2FA00AD181B /* Project object */;
}
